
Microsoft Visual Studio Solution File, Format Version 12.00
# Visual Studio Version 17
VisualStudioVersion = 17.14.36408.4 d17.14
MinimumVisualStudioVersion = 10.0.40219.1
Project("{FAE04EC0-301F-11D3-BF4B-00C04F79EFBC}") = "ConstructorsAndDestructors", "ConstructorsAndDestructors\ConstructorsAndDestructors.csproj", "{06C481A7-BD6B-44AF-BC5A-9EF0B49AC082}"
EndProject
Global
	GlobalSection(SolutionConfigurationPlatforms) = preSolution
		Debug|Any CPU = Debug|Any CPU
		Release|Any CPU = Release|Any CPU
	EndGlobalSection
	GlobalSection(ProjectConfigurationPlatforms) = postSolution
		{06C481A7-BD6B-44AF-BC5A-9EF0B49AC082}.Debug|Any CPU.ActiveCfg = Debug|Any CPU
		{06C481A7-BD6B-44AF-BC5A-9EF0B49AC082}.Debug|Any CPU.Build.0 = Debug|Any CPU
		{06C481A7-BD6B-44AF-BC5A-9EF0B49AC082}.Release|Any CPU.ActiveCfg = Release|Any CPU
		{06C481A7-BD6B-44AF-BC5A-9EF0B49AC082}.Release|Any CPU.Build.0 = Release|Any CPU
	EndGlobalSection
	GlobalSection(SolutionProperties) = preSolution
		HideSolutionNode = FALSE
	EndGlobalSection
	GlobalSection(ExtensibilityGlobals) = postSolution
		SolutionGuid = {7A83E01B-2972-45C1-998D-C416D245B7F7}
	EndGlobalSection
EndGlobal
